
Microsoft Visual Studio Solution File, Format Version 12.00
# Visual Studio Version 17
VisualStudioVersion = 17.5.002.0
MinimumVisualStudioVersion = 10.0.40219.1
Project("{2150E333-8FDC-42A3-9474-1A3956D46DE8}") = "sandbox", "sandbox", "{060FC6E0-57EB-450E-87EB-12BB6432C010}"
EndProject
Project("{9A19103F-16F7-4668-BE54-9A1E7A4F7556}") = "sandbox_project", "sandbox\sandbox_project\sandbox_project.csproj", "{729CAC36-B79B-43F1-9D68-B57592EDF611}"
EndProject
Project("{2150E333-8FDC-42A3-9474-1A3956D46DE8}") = "week01", "week01", "{FAF068F2-C7B5-46F3-9F0D-B85D9F1C6EA1}"
EndProject
Project("{9A19103F-16F7-4668-BE54-9A1E7A4F7556}") = "analyze", "week01\analyze\analyze.csproj", "{548DFF8B-A51E-481F-8228-A93CC2289436}"
EndProject
Project("{9A19103F-16F7-4668-BE54-9A1E7A4F7556}") = "code", "week01\code\code.csproj", "{F5D487C2-6737-459D-98BD-8169D9D54424}"
EndProject
Project("{9A19103F-16F7-4668-BE54-9A1E7A4F7556}") = "teach", "week01\teach\teach.csproj", "{2B3D825E-4B56-4119-93DC-BEA56302B7F6}"
EndProject
Project("{2150E333-8FDC-42A3-9474-1A3956D46DE8}") = "week02", "week02", "{E6FC43DE-1072-4296-8AD4-F0056F3ADE5C}"
EndProject
Project("{9A19103F-16F7-4668-BE54-9A1E7A4F7556}") = "analyze", "week02\analyze\analyze.csproj", "{9ADE561C-BC5E-4F6E-8E98-6750A77B8E4D}"
EndProject
Project("{9A19103F-16F7-4668-BE54-9A1E7A4F7556}") = "code", "week02\code\code.csproj", "{1DD24EF1-F9F8-481F-838B-B559E0DA33BA}"
EndProject
Project("{9A19103F-16F7-4668-BE54-9A1E7A4F7556}") = "learn", "week02\learn\learn.csproj", "{FBBA355C-5252-47FD-A3C2-279E54CB6886}"
EndProject
Project("{9A19103F-16F7-4668-BE54-9A1E7A4F7556}") = "teach", "week02\teach\teach.csproj", "{C86636FC-1A29-405C-9394-40B54CFBD24A}"
EndProject
Project("{2150E333-8FDC-42A3-9474-1A3956D46DE8}") = "week03", "week03", "{315A977F-6897-44B5-B778-182FEE3A4EB2}"
EndProject
Project("{9A19103F-16F7-4668-BE54-9A1E7A4F7556}") = "code", "week03\code\code.csproj", "{504BB34A-2CB1-46E7-BB1D-C09386869F04}"
EndProject
Project("{9A19103F-16F7-4668-BE54-9A1E7A4F7556}") = "learn", "week03\learn\learn.csproj", "{1962D287-7C5C-45D3-8807-568D4C75D22B}"
EndProject
Project("{9A19103F-16F7-4668-BE54-9A1E7A4F7556}") = "teach", "week03\teach\teach.csproj", "{67BE01C5-7945-493F-8E79-F45FCEA974A5}"
EndProject
Project("{2150E333-8FDC-42A3-9474-1A3956D46DE8}") = "week04", "week04", "{C4783958-04DB-4832-ADF9-247CC88267B8}"
EndProject
Project("{9A19103F-16F7-4668-BE54-9A1E7A4F7556}") = "code", "week04\code\code.csproj", "{186DB86B-235E-4DE5-BCD0-BC33803099AC}"
EndProject
Project("{2150E333-8FDC-42A3-9474-1A3956D46DE8}") = "week05", "week05", "{4C1E4499-8F11-4A67-B99B-FE6DDBC8CAE5}"
EndProject
Project("{9A19103F-16F7-4668-BE54-9A1E7A4F7556}") = "code", "week05\code\code.csproj", "{F4194A97-6C22-494A-9055-29D6897613C5}"
EndProject
Project("{2150E333-8FDC-42A3-9474-1A3956D46DE8}") = "week06", "week06", "{CA6826EB-CA74-4944-97AC-58C6B3B46DF2}"
EndProject
Project("{9A19103F-16F7-4668-BE54-9A1E7A4F7556}") = "code", "week06\code\code.csproj", "{500A3CB7-001B-4F89-8F31-78128D917641}"
EndProject
Global
	GlobalSection(SolutionConfigurationPlatforms) = preSolution
		Debug|Any CPU = Debug|Any CPU
		Release|Any CPU = Release|Any CPU
	EndGlobalSection
	GlobalSection(ProjectConfigurationPlatforms) = postSolution
		{729CAC36-B79B-43F1-9D68-B57592EDF611}.Debug|Any CPU.ActiveCfg = Debug|Any CPU
		{729CAC36-B79B-43F1-9D68-B57592EDF611}.Debug|Any CPU.Build.0 = Debug|Any CPU
		{729CAC36-B79B-43F1-9D68-B57592EDF611}.Release|Any CPU.ActiveCfg = Release|Any CPU
		{729CAC36-B79B-43F1-9D68-B57592EDF611}.Release|Any CPU.Build.0 = Release|Any CPU
		{548DFF8B-A51E-481F-8228-A93CC2289436}.Debug|Any CPU.ActiveCfg = Debug|Any CPU
		{548DFF8B-A51E-481F-8228-A93CC2289436}.Debug|Any CPU.Build.0 = Debug|Any CPU
		{548DFF8B-A51E-481F-8228-A93CC2289436}.Release|Any CPU.ActiveCfg = Release|Any CPU
		{548DFF8B-A51E-481F-8228-A93CC2289436}.Release|Any CPU.Build.0 = Release|Any CPU
		{F5D487C2-6737-459D-98BD-8169D9D54424}.Debug|Any CPU.ActiveCfg = Debug|Any CPU
		{F5D487C2-6737-459D-98BD-8169D9D54424}.Debug|Any CPU.Build.0 = Debug|Any CPU
		{F5D487C2-6737-459D-98BD-8169D9D54424}.Release|Any CPU.ActiveCfg = Release|Any CPU
		{F5D487C2-6737-459D-98BD-8169D9D54424}.Release|Any CPU.Build.0 = Release|Any CPU
		{2B3D825E-4B56-4119-93DC-BEA56302B7F6}.Debug|Any CPU.ActiveCfg = Debug|Any CPU
		{2B3D825E-4B56-4119-93DC-BEA56302B7F6}.Debug|Any CPU.Build.0 = Debug|Any CPU
		{2B3D825E-4B56-4119-93DC-BEA56302B7F6}.Release|Any CPU.ActiveCfg = Release|Any CPU
		{2B3D825E-4B56-4119-93DC-BEA56302B7F6}.Release|Any CPU.Build.0 = Release|Any CPU
		{9ADE561C-BC5E-4F6E-8E98-6750A77B8E4D}.Debug|Any CPU.ActiveCfg = Debug|Any CPU
		{9ADE561C-BC5E-4F6E-8E98-6750A77B8E4D}.Debug|Any CPU.Build.0 = Debug|Any CPU
		{9ADE561C-BC5E-4F6E-8E98-6750A77B8E4D}.Release|Any CPU.ActiveCfg = Release|Any CPU
		{9ADE561C-BC5E-4F6E-8E98-6750A77B8E4D}.Release|Any CPU.Build.0 = Release|Any CPU
		{1DD24EF1-F9F8-481F-838B-B559E0DA33BA}.Debug|Any CPU.ActiveCfg = Debug|Any CPU
		{1DD24EF1-F9F8-481F-838B-B559E0DA33BA}.Debug|Any CPU.Build.0 = Debug|Any CPU
		{1DD24EF1-F9F8-481F-838B-B559E0DA33BA}.Release|Any CPU.ActiveCfg = Release|Any CPU
		{1DD24EF1-F9F8-481F-838B-B559E0DA33BA}.Release|Any CPU.Build.0 = Release|Any CPU
		{FBBA355C-5252-47FD-A3C2-279E54CB6886}.Debug|Any CPU.ActiveCfg = Debug|Any CPU
		{FBBA355C-5252-47FD-A3C2-279E54CB6886}.Debug|Any CPU.Build.0 = Debug|Any CPU
		{FBBA355C-5252-47FD-A3C2-279E54CB6886}.Release|Any CPU.ActiveCfg = Release|Any CPU
		{FBBA355C-5252-47FD-A3C2-279E54CB6886}.Release|Any CPU.Build.0 = Release|Any CPU
		{C86636FC-1A29-405C-9394-40B54CFBD24A}.Debug|Any CPU.ActiveCfg = Debug|Any CPU
		{C86636FC-1A29-405C-9394-40B54CFBD24A}.Debug|Any CPU.Build.0 = Debug|Any CPU
		{C86636FC-1A29-405C-9394-40B54CFBD24A}.Release|Any CPU.ActiveCfg = Release|Any CPU
		{C86636FC-1A29-405C-9394-40B54CFBD24A}.Release|Any CPU.Build.0 = Release|Any CPU
		{504BB34A-2CB1-46E7-BB1D-C09386869F04}.Debug|Any CPU.ActiveCfg = Debug|Any CPU
		{504BB34A-2CB1-46E7-BB1D-C09386869F04}.Debug|Any CPU.Build.0 = Debug|Any CPU
		{504BB34A-2CB1-46E7-BB1D-C09386869F04}.Release|Any CPU.ActiveCfg = Release|Any CPU
		{504BB34A-2CB1-46E7-BB1D-C09386869F04}.Release|Any CPU.Build.0 = Release|Any CPU
		{1962D287-7C5C-45D3-8807-568D4C75D22B}.Debug|Any CPU.ActiveCfg = Debug|Any CPU
		{1962D287-7C5C-45D3-8807-568D4C75D22B}.Debug|Any CPU.Build.0 = Debug|Any CPU
		{1962D287-7C5C-45D3-8807-568D4C75D22B}.Release|Any CPU.ActiveCfg = Release|Any CPU
		{1962D287-7C5C-45D3-8807-568D4C75D22B}.Release|Any CPU.Build.0 = Release|Any CPU
		{67BE01C5-7945-493F-8E79-F45FCEA974A5}.Debug|Any CPU.ActiveCfg = Debug|Any CPU
		{67BE01C5-7945-493F-8E79-F45FCEA974A5}.Debug|Any CPU.Build.0 = Debug|Any CPU
		{67BE01C5-7945-493F-8E79-F45FCEA974A5}.Release|Any CPU.ActiveCfg = Release|Any CPU
		{67BE01C5-7945-493F-8E79-F45FCEA974A5}.Release|Any CPU.Build.0 = Release|Any CPU
		{186DB86B-235E-4DE5-BCD0-BC33803099AC}.Debug|Any CPU.ActiveCfg = Debug|Any CPU
		{186DB86B-235E-4DE5-BCD0-BC33803099AC}.Debug|Any CPU.Build.0 = Debug|Any CPU
		{186DB86B-235E-4DE5-BCD0-BC33803099AC}.Release|Any CPU.ActiveCfg = Release|Any CPU
		{186DB86B-235E-4DE5-BCD0-BC33803099AC}.Release|Any CPU.Build.0 = Release|Any CPU
		{F4194A97-6C22-494A-9055-29D6897613C5}.Debug|Any CPU.ActiveCfg = Debug|Any CPU
		{F4194A97-6C22-494A-9055-29D6897613C5}.Debug|Any CPU.Build.0 = Debug|Any CPU
		{F4194A97-6C22-494A-9055-29D6897613C5}.Release|Any CPU.ActiveCfg = Release|Any CPU
		{F4194A97-6C22-494A-9055-29D6897613C5}.Release|Any CPU.Build.0 = Release|Any CPU
		{500A3CB7-001B-4F89-8F31-78128D917641}.Debug|Any CPU.ActiveCfg = Debug|Any CPU
		{500A3CB7-001B-4F89-8F31-78128D917641}.Debug|Any CPU.Build.0 = Debug|Any CPU
		{500A3CB7-001B-4F89-8F31-78128D917641}.Release|Any CPU.ActiveCfg = Release|Any CPU
		{500A3CB7-001B-4F89-8F31-78128D917641}.Release|Any CPU.Build.0 = Release|Any CPU
	EndGlobalSection
	GlobalSection(SolutionProperties) = preSolution
		HideSolutionNode = FALSE
	EndGlobalSection
	GlobalSection(NestedProjects) = preSolution
		{729CAC36-B79B-43F1-9D68-B57592EDF611} = {060FC6E0-57EB-450E-87EB-12BB6432C010}
		{548DFF8B-A51E-481F-8228-A93CC2289436} = {FAF068F2-C7B5-46F3-9F0D-B85D9F1C6EA1}
		{F5D487C2-6737-459D-98BD-8169D9D54424} = {FAF068F2-C7B5-46F3-9F0D-B85D9F1C6EA1}
		{2B3D825E-4B56-4119-93DC-BEA56302B7F6} = {FAF068F2-C7B5-46F3-9F0D-B85D9F1C6EA1}
		{9ADE561C-BC5E-4F6E-8E98-6750A77B8E4D} = {E6FC43DE-1072-4296-8AD4-F0056F3ADE5C}
		{1DD24EF1-F9F8-481F-838B-B559E0DA33BA} = {E6FC43DE-1072-4296-8AD4-F0056F3ADE5C}
		{FBBA355C-5252-47FD-A3C2-279E54CB6886} = {E6FC43DE-1072-4296-8AD4-F0056F3ADE5C}
		{C86636FC-1A29-405C-9394-40B54CFBD24A} = {E6FC43DE-1072-4296-8AD4-F0056F3ADE5C}
		{504BB34A-2CB1-46E7-BB1D-C09386869F04} = {315A977F-6897-44B5-B778-182FEE3A4EB2}
		{1962D287-7C5C-45D3-8807-568D4C75D22B} = {315A977F-6897-44B5-B778-182FEE3A4EB2}
		{67BE01C5-7945-493F-8E79-F45FCEA974A5} = {315A977F-6897-44B5-B778-182FEE3A4EB2}
		{186DB86B-235E-4DE5-BCD0-BC33803099AC} = {C4783958-04DB-4832-ADF9-247CC88267B8}
		{F4194A97-6C22-494A-9055-29D6897613C5} = {4C1E4499-8F11-4A67-B99B-FE6DDBC8CAE5}
		{500A3CB7-001B-4F89-8F31-78128D917641} = {CA6826EB-CA74-4944-97AC-58C6B3B46DF2}
	EndGlobalSection
	GlobalSection(ExtensibilityGlobals) = postSolution
		SolutionGuid = {C09EBC40-E509-447B-9F8B-8A12E5A90E4B}
	EndGlobalSection
EndGlobal
